{
  "name": "sb-web-app",
  "lockfileVersion": 2,
  "requires": true,
  "packages": {
    "": {
      "dependencies": {
        "uuid": "^8.3.2",
        "vue-window-size": "^1.1.2"
      }
    },
    "node_modules/uuid": {
      "version": "8.3.2",
      "resolved": "https://registry.npmjs.org/uuid/-/uuid-8.3.2.tgz",
      "integrity": "sha512-+NYs2QeMWy+GWFOEm9xnn6HCDp0l7QBD7ml8zLUmJ+93Q5NF0NocErnwkTkXVFNiX3/fpC6afS8Dhb/gz7R7eg==",
      "bin": {
        "uuid": "dist/bin/uuid"
      }
    },
    "node_modules/vue-window-size": {
      "version": "1.1.2",
      "resolved": "https://registry.npmjs.org/vue-window-size/-/vue-window-size-1.1.2.tgz",
      "integrity": "sha512-7TBPWXjvn6Kwmbl1OAlI+O0wj2CSlryqeVPo5AnglW/nvuXxnW3ehRn42Epk2OjXNK/VhO99JsXciFhqyM2tFQ==",
      "dependencies": {
        "window-resize-subject": "^1.5.0"
      },
      "peerDependencies": {
        "vue": ">=3.0.0"
      }
    },
    "node_modules/window-resize-subject": {
      "version": "1.5.0",
      "resolved": "https://registry.npmjs.org/window-resize-subject/-/window-resize-subject-1.5.0.tgz",
      "integrity": "sha512-r+zXdtumr1+De51Lb3P561K+3t6PvEVXq+dTaEhikNY8Hj0UuzkYL3v9jo5TLpPaL7s9gkaX3Sb643HqYT7uSA=="
    }
  },
  "dependencies": {
    "uuid": {
      "version": "8.3.2",
      "resolved": "https://registry.npmjs.org/uuid/-/uuid-8.3.2.tgz",
      "integrity": "sha512-+NYs2QeMWy+GWFOEm9xnn6HCDp0l7QBD7ml8zLUmJ+93Q5NF0NocErnwkTkXVFNiX3/fpC6afS8Dhb/gz7R7eg=="
    },
    "vue-window-size": {
      "version": "1.1.2",
      "resolved": "https://registry.npmjs.org/vue-window-size/-/vue-window-size-1.1.2.tgz",
      "integrity": "sha512-7TBPWXjvn6Kwmbl1OAlI+O0wj2CSlryqeVPo5AnglW/nvuXxnW3ehRn42Epk2OjXNK/VhO99JsXciFhqyM2tFQ==",
      "requires": {
        "window-resize-subject": "^1.5.0"
      }
    },
    "window-resize-subject": {
      "version": "1.5.0",
      "resolved": "https://registry.npmjs.org/window-resize-subject/-/window-resize-subject-1.5.0.tgz",
      "integrity": "sha512-r+zXdtumr1+De51Lb3P561K+3t6PvEVXq+dTaEhikNY8Hj0UuzkYL3v9jo5TLpPaL7s9gkaX3Sb643HqYT7uSA=="
    }
  }
}
